{
  "name": "scroll-project",
  "lockfileVersion": 3,
  "requires": true,
  "packages": {
    "": {
      "dependencies": {
        "@lottiefiles/lottie-interactivity": "^1.6.2"
      }
    },
    "node_modules/@lottiefiles/lottie-interactivity": {
      "version": "1.6.2",
      "resolved": "https://registry.npmjs.org/@lottiefiles/lottie-interactivity/-/lottie-interactivity-1.6.2.tgz",
      "integrity": "sha512-psmG/frpi4IIJjBa+Mj0ivKtfNRkasUnvU6sBrVfm7nSwBpEoyMop16uIEYg5PYdpboFbQQhibmwC006KGZhsA==",
      "dependencies": {
        "core-js": "3"
      }
    },
    "node_modules/core-js": {
      "version": "3.30.2",
      "resolved": "https://registry.npmjs.org/core-js/-/core-js-3.30.2.tgz",
      "integrity": "sha512-uBJiDmwqsbJCWHAwjrx3cvjbMXP7xD72Dmsn5LOJpiRmE3WbBbN5rCqQ2Qh6Ek6/eOrjlWngEynBWo4VxerQhg==",
      "hasInstallScript": true,
      "funding": {
        "type": "opencollective",
        "url": "https://opencollective.com/core-js"
      }
    }
  }
}
